// !$*UTF8*$!
{
	archiveVersion = 1;
	classes = {
	};
	objectVersion = 50;
	objects = {

/* Begin PBXBuildFile section */
		1C06895D261DD33A007787DA /* UserDataManager.swift in Sources */ = {isa = PBXBuildFile; fileRef = 1C06895C261DD339007787DA /* UserDataManager.swift */; };
		1C1D3745262081D000A9AA72 /* TextFieldAlert.swift in Sources */ = {isa = PBXBuildFile; fileRef = 1C1D3744262081D000A9AA72 /* TextFieldAlert.swift */; };
		1C290D502617A0B600E38DF5 /* NewPersonView.swift in Sources */ = {isa = PBXBuildFile; fileRef = 1C290D4F2617A0B600E38DF5 /* NewPersonView.swift */; };
		1C290D532617A15300E38DF5 /* SearchBar.swift in Sources */ = {isa = PBXBuildFile; fileRef = 1C290D522617A15300E38DF5 /* SearchBar.swift */; };
		1C290D5C2617A21400E38DF5 /* PersonModel.swift in Sources */ = {isa = PBXBuildFile; fileRef = 1C290D5B2617A21400E38DF5 /* PersonModel.swift */; };
		1C290D662617A30300E38DF5 /* LabelStyleModifier.swift in Sources */ = {isa = PBXBuildFile; fileRef = 1C290D652617A30300E38DF5 /* LabelStyleModifier.swift */; };
		1C348CEA261CF80C0095DDCA /* SettingsView.swift in Sources */ = {isa = PBXBuildFile; fileRef = 1C348CE9261CF80C0095DDCA /* SettingsView.swift */; };
		1C376BE62624E5E50078B587 /* TabButton.swift in Sources */ = {isa = PBXBuildFile; fileRef = 1C376BE52624E5E50078B587 /* TabButton.swift */; };
		1C376BEA2624E5FF0078B587 /* TabBar.swift in Sources */ = {isa = PBXBuildFile; fileRef = 1C376BE92624E5FF0078B587 /* TabBar.swift */; };
		1C464FBC26286B95002E41DB /* UIApplication+DismissKeyboard.swift in Sources */ = {isa = PBXBuildFile; fileRef = 1C464FBB26286B95002E41DB /* UIApplication+DismissKeyboard.swift */; };
		1C4AFCBE262083F900EB36FE /* TextFieldAlertCoordinator.swift in Sources */ = {isa = PBXBuildFile; fileRef = 1C4AFCBD262083F900EB36FE /* TextFieldAlertCoordinator.swift */; };
		1C4DA16F26243A8500DB46BD /* GreetingView.swift in Sources */ = {isa = PBXBuildFile; fileRef = 1C4DA16E26243A8500DB46BD /* GreetingView.swift */; };
		1C4DA17426243EA700DB46BD /* GreetingSlide2.swift in Sources */ = {isa = PBXBuildFile; fileRef = 1C4DA17326243EA600DB46BD /* GreetingSlide2.swift */; };
		1C4DA17826243F6400DB46BD /* GreetingSlide3.swift in Sources */ = {isa = PBXBuildFile; fileRef = 1C4DA17726243F6400DB46BD /* GreetingSlide3.swift */; };
		1C5E3FB12617787400830621 /* PersonCard.swift in Sources */ = {isa = PBXBuildFile; fileRef = 1C5E3FB02617787400830621 /* PersonCard.swift */; };
		1C663C5B262AEECB0095024F /* SearchBarCoordinator.swift in Sources */ = {isa = PBXBuildFile; fileRef = 1C663C5A262AEECB0095024F /* SearchBarCoordinator.swift */; };
		1C6F3FE2261BB66C00D3F35F /* Date+GetDateComponents.swift in Sources */ = {isa = PBXBuildFile; fileRef = 1C6F3FE1261BB66C00D3F35F /* Date+GetDateComponents.swift */; };
		1C8BDD44261F033A0059DC22 /* ImagePicker.swift in Sources */ = {isa = PBXBuildFile; fileRef = 1C8BDD43261F033A0059DC22 /* ImagePicker.swift */; };
		1C8BDD48261F03F20059DC22 /* ImagePickerCoordinator.swift in Sources */ = {isa = PBXBuildFile; fileRef = 1C8BDD47261F03F20059DC22 /* ImagePickerCoordinator.swift */; };
		1C914D0B26174C5900C89D44 /* DetailView.swift in Sources */ = {isa = PBXBuildFile; fileRef = 1C914D0A26174C5900C89D44 /* DetailView.swift */; };
		1CCC7EEF261F5C83004BD48A /* PeopleView.swift in Sources */ = {isa = PBXBuildFile; fileRef = 1CCC7EEE261F5C83004BD48A /* PeopleView.swift */; };
		1CDBDC7A261E1B9300D4ECC7 /* People+CoreDataClass.swift in Sources */ = {isa = PBXBuildFile; fileRef = 1CDBDC78261E1B9300D4ECC7 /* People+CoreDataClass.swift */; };
		1CDBDC7B261E1B9300D4ECC7 /* People+CoreDataProperties.swift in Sources */ = {isa = PBXBuildFile; fileRef = 1CDBDC79261E1B9300D4ECC7 /* People+CoreDataProperties.swift */; };
		1CDE1E902620ED3C00359B99 /* Launch Screen.storyboard in Resources */ = {isa = PBXBuildFile; fileRef = 1CDE1E8F2620ED3C00359B99 /* Launch Screen.storyboard */; };
		1CEF3A3D26285591000A5790 /* KeyboardResponder.swift in Sources */ = {isa = PBXBuildFile; fileRef = 1CEF3A3C26285591000A5790 /* KeyboardResponder.swift */; };
		1CFB9091261701DA0051B77A /* ZodiacallyApp.swift in Sources */ = {isa = PBXBuildFile; fileRef = 1CFB9090261701DA0051B77A /* ZodiacallyApp.swift */; };
		1CFB9093261701DA0051B77A /* ContentView.swift in Sources */ = {isa = PBXBuildFile; fileRef = 1CFB9092261701DA0051B77A /* ContentView.swift */; };
		1CFB9095261701DB0051B77A /* Assets.xcassets in Resources */ = {isa = PBXBuildFile; fileRef = 1CFB9094261701DB0051B77A /* Assets.xcassets */; };
		1CFB9098261701DB0051B77A /* Preview Assets.xcassets in Resources */ = {isa = PBXBuildFile; fileRef = 1CFB9097261701DB0051B77A /* Preview Assets.xcassets */; };
		1CFB909A261701DB0051B77A /* Persistence.swift in Sources */ = {isa = PBXBuildFile; fileRef = 1CFB9099261701DB0051B77A /* Persistence.swift */; };
		1CFB909D261701DB0051B77A /* Zodiacally.xcdatamodeld in Sources */ = {isa = PBXBuildFile; fileRef = 1CFB909B261701DB0051B77A /* Zodiacally.xcdatamodeld */; };
		1CFB90AA261702170051B77A /* HomeView.swift in Sources */ = {isa = PBXBuildFile; fileRef = 1CFB90A9261702170051B77A /* HomeView.swift */; };
		1CFC72FA2626E8C000A9D18E /* Array+AppStorageArray.swift in Sources */ = {isa = PBXBuildFile; fileRef = 1CFC72F92626E8C000A9D18E /* Array+AppStorageArray.swift */; };
		1CFC72FD2626E90900A9D18E /* GroupsView.swift in Sources */ = {isa = PBXBuildFile; fileRef = 1CFC72FC2626E90900A9D18E /* GroupsView.swift */; };
/* End PBXBuildFile section */

/* Begin PBXFileReference section */
		1C06895C261DD339007787DA /* UserDataManager.swift */ = {isa = PBXFileReference; lastKnownFileType = sourcecode.swift; path = UserDataManager.swift; sourceTree = "<group>"; };
		1C1D3744262081D000A9AA72 /* TextFieldAlert.swift */ = {isa = PBXFileReference; lastKnownFileType = sourcecode.swift; path = TextFieldAlert.swift; sourceTree = "<group>"; };
		1C290D4F2617A0B600E38DF5 /* NewPersonView.swift */ = {isa = PBXFileReference; lastKnownFileType = sourcecode.swift; path = NewPersonView.swift; sourceTree = "<group>"; };
		1C290D522617A15300E38DF5 /* SearchBar.swift */ = {isa = PBXFileReference; lastKnownFileType = sourcecode.swift; path = SearchBar.swift; sourceTree = "<group>"; };
		1C290D5B2617A21400E38DF5 /* PersonModel.swift */ = {isa = PBXFileReference; lastKnownFileType = sourcecode.swift; path = PersonModel.swift; sourceTree = "<group>"; };
		1C290D652617A30300E38DF5 /* LabelStyleModifier.swift */ = {isa = PBXFileReference; lastKnownFileType = sourcecode.swift; path = LabelStyleModifier.swift; sourceTree = "<group>"; };
		1C348CE9261CF80C0095DDCA /* SettingsView.swift */ = {isa = PBXFileReference; lastKnownFileType = sourcecode.swift; path = SettingsView.swift; sourceTree = "<group>"; };
		1C376BE52624E5E50078B587 /* TabButton.swift */ = {isa = PBXFileReference; lastKnownFileType = sourcecode.swift; path = TabButton.swift; sourceTree = "<group>"; };
		1C376BE92624E5FF0078B587 /* TabBar.swift */ = {isa = PBXFileReference; lastKnownFileType = sourcecode.swift; path = TabBar.swift; sourceTree = "<group>"; };
		1C464FBB26286B95002E41DB /* UIApplication+DismissKeyboard.swift */ = {isa = PBXFileReference; lastKnownFileType = sourcecode.swift; path = "UIApplication+DismissKeyboard.swift"; sourceTree = "<group>"; };
		1C4AFCBD262083F900EB36FE /* TextFieldAlertCoordinator.swift */ = {isa = PBXFileReference; lastKnownFileType = sourcecode.swift; path = TextFieldAlertCoordinator.swift; sourceTree = "<group>"; };
		1C4DA16E26243A8500DB46BD /* GreetingView.swift */ = {isa = PBXFileReference; lastKnownFileType = sourcecode.swift; path = GreetingView.swift; sourceTree = "<group>"; };
		1C4DA17326243EA600DB46BD /* GreetingSlide2.swift */ = {isa = PBXFileReference; lastKnownFileType = sourcecode.swift; path = GreetingSlide2.swift; sourceTree = "<group>"; };
		1C4DA17726243F6400DB46BD /* GreetingSlide3.swift */ = {isa = PBXFileReference; lastKnownFileType = sourcecode.swift; path = GreetingSlide3.swift; sourceTree = "<group>"; };
		1C5E3FB02617787400830621 /* PersonCard.swift */ = {isa = PBXFileReference; lastKnownFileType = sourcecode.swift; path = PersonCard.swift; sourceTree = "<group>"; };
		1C663C5A262AEECB0095024F /* SearchBarCoordinator.swift */ = {isa = PBXFileReference; lastKnownFileType = sourcecode.swift; path = SearchBarCoordinator.swift; sourceTree = "<group>"; };
		1C6F3FE1261BB66C00D3F35F /* Date+GetDateComponents.swift */ = {isa = PBXFileReference; lastKnownFileType = sourcecode.swift; path = "Date+GetDateComponents.swift"; sourceTree = "<group>"; };
		1C8BDD43261F033A0059DC22 /* ImagePicker.swift */ = {isa = PBXFileReference; lastKnownFileType = sourcecode.swift; path = ImagePicker.swift; sourceTree = "<group>"; };
		1C8BDD47261F03F20059DC22 /* ImagePickerCoordinator.swift */ = {isa = PBXFileReference; lastKnownFileType = sourcecode.swift; path = ImagePickerCoordinator.swift; sourceTree = "<group>"; };
		1C914D0A26174C5900C89D44 /* DetailView.swift */ = {isa = PBXFileReference; lastKnownFileType = sourcecode.swift; path = DetailView.swift; sourceTree = "<group>"; };
		1CCC7EEE261F5C83004BD48A /* PeopleView.swift */ = {isa = PBXFileReference; lastKnownFileType = sourcecode.swift; path = PeopleView.swift; sourceTree = "<group>"; };
		1CDBDC78261E1B9300D4ECC7 /* People+CoreDataClass.swift */ = {isa = PBXFileReference; lastKnownFileType = sourcecode.swift; path = "People+CoreDataClass.swift"; sourceTree = "<group>"; };
		1CDBDC79261E1B9300D4ECC7 /* People+CoreDataProperties.swift */ = {isa = PBXFileReference; lastKnownFileType = sourcecode.swift; path = "People+CoreDataProperties.swift"; sourceTree = "<group>"; };
		1CDE1E8F2620ED3C00359B99 /* Launch Screen.storyboard */ = {isa = PBXFileReference; lastKnownFileType = file.storyboard; path = "Launch Screen.storyboard"; sourceTree = "<group>"; };
		1CEF3A3C26285591000A5790 /* KeyboardResponder.swift */ = {isa = PBXFileReference; lastKnownFileType = sourcecode.swift; path = KeyboardResponder.swift; sourceTree = "<group>"; };
		1CFB908D261701DA0051B77A /* Zodiacally.app */ = {isa = PBXFileReference; explicitFileType = wrapper.application; includeInIndex = 0; path = Zodiacally.app; sourceTree = BUILT_PRODUCTS_DIR; };
		1CFB9090261701DA0051B77A /* ZodiacallyApp.swift */ = {isa = PBXFileReference; lastKnownFileType = sourcecode.swift; path = ZodiacallyApp.swift; sourceTree = "<group>"; };
		1CFB9092261701DA0051B77A /* ContentView.swift */ = {isa = PBXFileReference; lastKnownFileType = sourcecode.swift; path = ContentView.swift; sourceTree = "<group>"; };
		1CFB9094261701DB0051B77A /* Assets.xcassets */ = {isa = PBXFileReference; lastKnownFileType = folder.assetcatalog; path = Assets.xcassets; sourceTree = "<group>"; };
		1CFB9097261701DB0051B77A /* Preview Assets.xcassets */ = {isa = PBXFileReference; lastKnownFileType = folder.assetcatalog; path = "Preview Assets.xcassets"; sourceTree = "<group>"; };
		1CFB9099261701DB0051B77A /* Persistence.swift */ = {isa = PBXFileReference; lastKnownFileType = sourcecode.swift; path = Persistence.swift; sourceTree = "<group>"; };
		1CFB909C261701DB0051B77A /* Zodiacally.xcdatamodel */ = {isa = PBXFileReference; lastKnownFileType = wrapper.xcdatamodel; path = Zodiacally.xcdatamodel; sourceTree = "<group>"; };
		1CFB909E261701DB0051B77A /* Info.plist */ = {isa = PBXFileReference; lastKnownFileType = text.plist.xml; path = Info.plist; sourceTree = "<group>"; };
		1CFB90A9261702170051B77A /* HomeView.swift */ = {isa = PBXFileReference; lastKnownFileType = sourcecode.swift; path = HomeView.swift; sourceTree = "<group>"; };
		1CFC72F92626E8C000A9D18E /* Array+AppStorageArray.swift */ = {isa = PBXFileReference; lastKnownFileType = sourcecode.swift; path = "Array+AppStorageArray.swift"; sourceTree = "<group>"; };
		1CFC72FC2626E90900A9D18E /* GroupsView.swift */ = {isa = PBXFileReference; lastKnownFileType = sourcecode.swift; path = GroupsView.swift; sourceTree = "<group>"; };
/* End PBXFileReference section */

/* Begin PBXFrameworksBuildPhase section */
		1CFB908A261701DA0051B77A /* Frameworks */ = {
			isa = PBXFrameworksBuildPhase;
			buildActionMask = 2147483647;
			files = (
			);
			runOnlyForDeploymentPostprocessing = 0;
		};
/* End PBXFrameworksBuildPhase section */

/* Begin PBXGroup section */
		1C06895B261DD319007787DA /* ViewModels */ = {
			isa = PBXGroup;
			children = (
				1C06895C261DD339007787DA /* UserDataManager.swift */,
				1CEF3A3C26285591000A5790 /* KeyboardResponder.swift */,
			);
			path = ViewModels;
			sourceTree = "<group>";
		};
		1C1D3743262081BC00A9AA72 /* TextFieldAlert */ = {
			isa = PBXGroup;
			children = (
				1C1D3744262081D000A9AA72 /* TextFieldAlert.swift */,
				1C4AFCBD262083F900EB36FE /* TextFieldAlertCoordinator.swift */,
			);
			path = TextFieldAlert;
			sourceTree = "<group>";
		};
		1C290D582617A1ED00E38DF5 /* Extensions */ = {
			isa = PBXGroup;
			children = (
				1C6F3FE1261BB66C00D3F35F /* Date+GetDateComponents.swift */,
				1C464FBB26286B95002E41DB /* UIApplication+DismissKeyboard.swift */,
				1CFC72F92626E8C000A9D18E /* Array+AppStorageArray.swift */,
			);
			path = Extensions;
			sourceTree = "<group>";
		};
		1C290D5A2617A20900E38DF5 /* Models */ = {
			isa = PBXGroup;
			children = (
				1CDBDC77261E1B4B00D4ECC7 /* Core Cata Model */,
				1C290D5B2617A21400E38DF5 /* PersonModel.swift */,
			);
			path = Models;
			sourceTree = "<group>";
		};
		1C290D5F2617A24000E38DF5 /* Modifiers */ = {
			isa = PBXGroup;
			children = (
				1C290D6C2617A36000E38DF5 /* Label */,
			);
			path = Modifiers;
			sourceTree = "<group>";
		};
		1C290D6C2617A36000E38DF5 /* Label */ = {
			isa = PBXGroup;
			children = (
				1C290D652617A30300E38DF5 /* LabelStyleModifier.swift */,
			);
			path = Label;
			sourceTree = "<group>";
		};
		1C348CEC261CF8DC0095DDCA /* Views */ = {
			isa = PBXGroup;
			children = (
				1C348CEE261CF8E90095DDCA /* Tabs */,
				1C348CED261CF8E20095DDCA /* Components */,
			);
			path = Views;
			sourceTree = "<group>";
		};
		1C348CED261CF8E20095DDCA /* Components */ = {
			isa = PBXGroup;
			children = (
				1C4DA17126243E8E00DB46BD /* Greetng */,
				1C376BE42624E5D80078B587 /* TabBar */,
				1C1D3743262081BC00A9AA72 /* TextFieldAlert */,
				1C348CEF261CF8F30095DDCA /* SearchBar */,
				1C8BDD42261F03290059DC22 /* ImagePicker */,
				1C5E3FB02617787400830621 /* PersonCard.swift */,
			);
			path = Components;
			sourceTree = "<group>";
		};
		1C348CEE261CF8E90095DDCA /* Tabs */ = {
			isa = PBXGroup;
			children = (
				1CFB90A9261702170051B77A /* HomeView.swift */,
				1CCC7EEE261F5C83004BD48A /* PeopleView.swift */,
				1C290D4F2617A0B600E38DF5 /* NewPersonView.swift */,
				1CFC72FC2626E90900A9D18E /* GroupsView.swift */,
				1C914D0A26174C5900C89D44 /* DetailView.swift */,
				1C348CE9261CF80C0095DDCA /* SettingsView.swift */,
				1C4DA16E26243A8500DB46BD /* GreetingView.swift */,
			);
			path = Tabs;
			sourceTree = "<group>";
		};
		1C348CEF261CF8F30095DDCA /* SearchBar */ = {
			isa = PBXGroup;
			children = (
				1C290D522617A15300E38DF5 /* SearchBar.swift */,
				1C663C5A262AEECB0095024F /* SearchBarCoordinator.swift */,
			);
			path = SearchBar;
			sourceTree = "<group>";
		};
		1C376BE42624E5D80078B587 /* TabBar */ = {
			isa = PBXGroup;
			children = (
				1C376BE52624E5E50078B587 /* TabButton.swift */,
				1C376BE92624E5FF0078B587 /* TabBar.swift */,
			);
			path = TabBar;
			sourceTree = "<group>";
		};
		1C4DA17126243E8E00DB46BD /* Greetng */ = {
			isa = PBXGroup;
			children = (
				1C4DA17326243EA600DB46BD /* GreetingSlide2.swift */,
				1C4DA17726243F6400DB46BD /* GreetingSlide3.swift */,
			);
			path = Greetng;
			sourceTree = "<group>";
		};
		1C83B5722625EAD900EB57D3 /* Resources */ = {
			isa = PBXGroup;
			children = (
				1CDE1E8F2620ED3C00359B99 /* Launch Screen.storyboard */,
				1CFB9090261701DA0051B77A /* ZodiacallyApp.swift */,
				1CFB9092261701DA0051B77A /* ContentView.swift */,
				1CFB9094261701DB0051B77A /* Assets.xcassets */,
				1CFB9099261701DB0051B77A /* Persistence.swift */,
			);
			path = Resources;
			sourceTree = "<group>";
		};
		1C8BDD42261F03290059DC22 /* ImagePicker */ = {
			isa = PBXGroup;
			children = (
				1C8BDD43261F033A0059DC22 /* ImagePicker.swift */,
				1C8BDD47261F03F20059DC22 /* ImagePickerCoordinator.swift */,
			);
			path = ImagePicker;
			sourceTree = "<group>";
		};
		1CDBDC76261E1B3700D4ECC7 /* Core Data Subclasses */ = {
			isa = PBXGroup;
			children = (
				1CDBDC78261E1B9300D4ECC7 /* People+CoreDataClass.swift */,
				1CDBDC79261E1B9300D4ECC7 /* People+CoreDataProperties.swift */,
			);
			path = "Core Data Subclasses";
			sourceTree = "<group>";
		};
		1CDBDC77261E1B4B00D4ECC7 /* Core Cata Model */ = {
			isa = PBXGroup;
			children = (
				1CFB909B261701DB0051B77A /* Zodiacally.xcdatamodeld */,
			);
			path = "Core Cata Model";
			sourceTree = "<group>";
		};
		1CFB9084261701DA0051B77A = {
			isa = PBXGroup;
			children = (
				1CDBDC76261E1B3700D4ECC7 /* Core Data Subclasses */,
				1CFB908F261701DA0051B77A /* Zodiacally */,
				1CFB908E261701DA0051B77A /* Products */,
			);
			sourceTree = "<group>";
		};
		1CFB908E261701DA0051B77A /* Products */ = {
			isa = PBXGroup;
			children = (
				1CFB908D261701DA0051B77A /* Zodiacally.app */,
			);
			name = Products;
			sourceTree = "<group>";
		};
		1CFB908F261701DA0051B77A /* Zodiacally */ = {
			isa = PBXGroup;
			children = (
				1C06895B261DD319007787DA /* ViewModels */,
				1C290D5F2617A24000E38DF5 /* Modifiers */,
				1C290D5A2617A20900E38DF5 /* Models */,
				1C290D582617A1ED00E38DF5 /* Extensions */,
				1C348CEC261CF8DC0095DDCA /* Views */,
				1C83B5722625EAD900EB57D3 /* Resources */,
				1CFB909E261701DB0051B77A /* Info.plist */,
				1CFB9096261701DB0051B77A /* Preview Content */,
			);
			path = Zodiacally;
			sourceTree = "<group>";
		};
		1CFB9096261701DB0051B77A /* Preview Content */ = {
			isa = PBXGroup;
			children = (
				1CFB9097261701DB0051B77A /* Preview Assets.xcassets */,
			);
			path = "Preview Content";
			sourceTree = "<group>";
		};
/* End PBXGroup section */

/* Begin PBXNativeTarget section */
		1CFB908C261701DA0051B77A /* Zodiacally */ = {
			isa = PBXNativeTarget;
			buildConfigurationList = 1CFB90A1261701DB0051B77A /* Build configuration list for PBXNativeTarget "Zodiacally" */;
			buildPhases = (
				1CFB9089261701DA0051B77A /* Sources */,
				1CFB908A261701DA0051B77A /* Frameworks */,
				1CFB908B261701DA0051B77A /* Resources */,
			);
			buildRules = (
			);
			dependencies = (
			);
			name = Zodiacally;
			productName = Zodiacally;
			productReference = 1CFB908D261701DA0051B77A /* Zodiacally.app */;
			productType = "com.apple.product-type.application";
		};
/* End PBXNativeTarget section */

/* Begin PBXProject section */
		1CFB9085261701DA0051B77A /* Project object */ = {
			isa = PBXProject;
			attributes = {
				LastSwiftUpdateCheck = 1240;
				LastUpgradeCheck = 1240;
				TargetAttributes = {
					1CFB908C261701DA0051B77A = {
						CreatedOnToolsVersion = 12.4;
					};
				};
			};
			buildConfigurationList = 1CFB9088261701DA0051B77A /* Build configuration list for PBXProject "Zodiacally" */;
			compatibilityVersion = "Xcode 9.3";
			developmentRegion = en;
			hasScannedForEncodings = 0;
			knownRegions = (
				en,
				Base,
			);
			mainGroup = 1CFB9084261701DA0051B77A;
			productRefGroup = 1CFB908E261701DA0051B77A /* Products */;
			projectDirPath = "";
			projectRoot = "";
			targets = (
				1CFB908C261701DA0051B77A /* Zodiacally */,
			);
		};
/* End PBXProject section */

/* Begin PBXResourcesBuildPhase section */
		1CFB908B261701DA0051B77A /* Resources */ = {
			isa = PBXResourcesBuildPhase;
			buildActionMask = 2147483647;
			files = (
				1CDE1E902620ED3C00359B99 /* Launch Screen.storyboard in Resources */,
				1CFB9098261701DB0051B77A /* Preview Assets.xcassets in Resources */,
				1CFB9095261701DB0051B77A /* Assets.xcassets in Resources */,
			);
			runOnlyForDeploymentPostprocessing = 0;
		};
/* End PBXResourcesBuildPhase section */

/* Begin PBXSourcesBuildPhase section */
		1CFB9089261701DA0051B77A /* Sources */ = {
			isa = PBXSourcesBuildPhase;
			buildActionMask = 2147483647;
			files = (
				1C5E3FB12617787400830621 /* PersonCard.swift in Sources */,
				1C376BE62624E5E50078B587 /* TabButton.swift in Sources */,
				1C06895D261DD33A007787DA /* UserDataManager.swift in Sources */,
				1CFB909A261701DB0051B77A /* Persistence.swift in Sources */,
				1C290D5C2617A21400E38DF5 /* PersonModel.swift in Sources */,
				1C464FBC26286B95002E41DB /* UIApplication+DismissKeyboard.swift in Sources */,
				1CDBDC7A261E1B9300D4ECC7 /* People+CoreDataClass.swift in Sources */,
				1CFC72FA2626E8C000A9D18E /* Array+AppStorageArray.swift in Sources */,
				1C6F3FE2261BB66C00D3F35F /* Date+GetDateComponents.swift in Sources */,
				1C4AFCBE262083F900EB36FE /* TextFieldAlertCoordinator.swift in Sources */,
				1C376BEA2624E5FF0078B587 /* TabBar.swift in Sources */,
				1C8BDD44261F033A0059DC22 /* ImagePicker.swift in Sources */,
				1C348CEA261CF80C0095DDCA /* SettingsView.swift in Sources */,
				1C290D502617A0B600E38DF5 /* NewPersonView.swift in Sources */,
				1C663C5B262AEECB0095024F /* SearchBarCoordinator.swift in Sources */,
				1CEF3A3D26285591000A5790 /* KeyboardResponder.swift in Sources */,
				1C290D662617A30300E38DF5 /* LabelStyleModifier.swift in Sources */,
				1CCC7EEF261F5C83004BD48A /* PeopleView.swift in Sources */,
				1C4DA16F26243A8500DB46BD /* GreetingView.swift in Sources */,
				1CDBDC7B261E1B9300D4ECC7 /* People+CoreDataProperties.swift in Sources */,
				1CFC72FD2626E90900A9D18E /* GroupsView.swift in Sources */,
				1C914D0B26174C5900C89D44 /* DetailView.swift in Sources */,
				1CFB9093261701DA0051B77A /* ContentView.swift in Sources */,
				1C1D3745262081D000A9AA72 /* TextFieldAlert.swift in Sources */,
				1C290D532617A15300E38DF5 /* SearchBar.swift in Sources */,
				1C4DA17826243F6400DB46BD /* GreetingSlide3.swift in Sources */,
				1C8BDD48261F03F20059DC22 /* ImagePickerCoordinator.swift in Sources */,
				1CFB9091261701DA0051B77A /* ZodiacallyApp.swift in Sources */,
				1CFB90AA261702170051B77A /* HomeView.swift in Sources */,
				1C4DA17426243EA700DB46BD /* GreetingSlide2.swift in Sources */,
				1CFB909D261701DB0051B77A /* Zodiacally.xcdatamodeld in Sources */,
			);
			runOnlyForDeploymentPostprocessing = 0;
		};
/* End PBXSourcesBuildPhase section */

/* Begin XCBuildConfiguration section */
		1CFB909F261701DB0051B77A /* Debug */ = {
			isa = XCBuildConfiguration;
			buildSettings = {
				ALWAYS_SEARCH_USER_PATHS = NO;
				CLANG_ANALYZER_NONNULL = YES;
				CLANG_ANALYZER_NUMBER_OBJECT_CONVERSION = YES_AGGRESSIVE;
				CLANG_CXX_LANGUAGE_STANDARD = "gnu++14";
				CLANG_CXX_LIBRARY = "libc++";
				CLANG_ENABLE_MODULES = YES;
				CLANG_ENABLE_OBJC_ARC = YES;
				CLANG_ENABLE_OBJC_WEAK = YES;
				CLANG_WARN_BLOCK_CAPTURE_AUTORELEASING = YES;
				CLANG_WARN_BOOL_CONVERSION = YES;
				CLANG_WARN_COMMA = YES;
				CLANG_WARN_CONSTANT_CONVERSION = YES;
				CLANG_WARN_DEPRECATED_OBJC_IMPLEMENTATIONS = YES;
				CLANG_WARN_DIRECT_OBJC_ISA_USAGE = YES_ERROR;
				CLANG_WARN_DOCUMENTATION_COMMENTS = YES;
				CLANG_WARN_EMPTY_BODY = YES;
				CLANG_WARN_ENUM_CONVERSION = YES;
				CLANG_WARN_INFINITE_RECURSION = YES;
				CLANG_WARN_INT_CONVERSION = YES;
				CLANG_WARN_NON_LITERAL_NULL_CONVERSION = YES;
				CLANG_WARN_OBJC_IMPLICIT_RETAIN_SELF = YES;
				CLANG_WARN_OBJC_LITERAL_CONVERSION = YES;
				CLANG_WARN_OBJC_ROOT_CLASS = YES_ERROR;
				CLANG_WARN_QUOTED_INCLUDE_IN_FRAMEWORK_HEADER = YES;
				CLANG_WARN_RANGE_LOOP_ANALYSIS = YES;
				CLANG_WARN_STRICT_PROTOTYPES = YES;
				CLANG_WARN_SUSPICIOUS_MOVE = YES;
				CLANG_WARN_UNGUARDED_AVAILABILITY = YES_AGGRESSIVE;
				CLANG_WARN_UNREACHABLE_CODE = YES;
				CLANG_WARN__DUPLICATE_METHOD_MATCH = YES;
				COPY_PHASE_STRIP = NO;
				DEBUG_INFORMATION_FORMAT = dwarf;
				ENABLE_STRICT_OBJC_MSGSEND = YES;
				ENABLE_TESTABILITY = YES;
				GCC_C_LANGUAGE_STANDARD = gnu11;
				GCC_DYNAMIC_NO_PIC = NO;
				GCC_NO_COMMON_BLOCKS = YES;
				GCC_OPTIMIZATION_LEVEL = 0;
				GCC_PREPROCESSOR_DEFINITIONS = (
					"DEBUG=1",
					"$(inherited)",
				);
				GCC_WARN_64_TO_32_BIT_CONVERSION = YES;
				GCC_WARN_ABOUT_RETURN_TYPE = YES_ERROR;
				GCC_WARN_UNDECLARED_SELECTOR = YES;
				GCC_WARN_UNINITIALIZED_AUTOS = YES_AGGRESSIVE;
				GCC_WARN_UNUSED_FUNCTION = YES;
				GCC_WARN_UNUSED_VARIABLE = YES;
				IPHONEOS_DEPLOYMENT_TARGET = 14.4;
				MTL_ENABLE_DEBUG_INFO = INCLUDE_SOURCE;
				MTL_FAST_MATH = YES;
				ONLY_ACTIVE_ARCH = YES;
				SDKROOT = iphoneos;
				SWIFT_ACTIVE_COMPILATION_CONDITIONS = DEBUG;
				SWIFT_OPTIMIZATION_LEVEL = "-Onone";
			};
			name = Debug;
		};
		1CFB90A0261701DB0051B77A /* Release */ = {
			isa = XCBuildConfiguration;
			buildSettings = {
				ALWAYS_SEARCH_USER_PATHS = NO;
				CLANG_ANALYZER_NONNULL = YES;
				CLANG_ANALYZER_NUMBER_OBJECT_CONVERSION = YES_AGGRESSIVE;
				CLANG_CXX_LANGUAGE_STANDARD = "gnu++14";
				CLANG_CXX_LIBRARY = "libc++";
				CLANG_ENABLE_MODULES = YES;
				CLANG_ENABLE_OBJC_ARC = YES;
				CLANG_ENABLE_OBJC_WEAK = YES;
				CLANG_WARN_BLOCK_CAPTURE_AUTORELEASING = YES;
				CLANG_WARN_BOOL_CONVERSION = YES;
				CLANG_WARN_COMMA = YES;
				CLANG_WARN_CONSTANT_CONVERSION = YES;
				CLANG_WARN_DEPRECATED_OBJC_IMPLEMENTATIONS = YES;
				CLANG_WARN_DIRECT_OBJC_ISA_USAGE = YES_ERROR;
				CLANG_WARN_DOCUMENTATION_COMMENTS = YES;
				CLANG_WARN_EMPTY_BODY = YES;
				CLANG_WARN_ENUM_CONVERSION = YES;
				CLANG_WARN_INFINITE_RECURSION = YES;
				CLANG_WARN_INT_CONVERSION = YES;
				CLANG_WARN_NON_LITERAL_NULL_CONVERSION = YES;
				CLANG_WARN_OBJC_IMPLICIT_RETAIN_SELF = YES;
				CLANG_WARN_OBJC_LITERAL_CONVERSION = YES;
				CLANG_WARN_OBJC_ROOT_CLASS = YES_ERROR;
				CLANG_WARN_QUOTED_INCLUDE_IN_FRAMEWORK_HEADER = YES;
				CLANG_WARN_RANGE_LOOP_ANALYSIS = YES;
				CLANG_WARN_STRICT_PROTOTYPES = YES;
				CLANG_WARN_SUSPICIOUS_MOVE = YES;
				CLANG_WARN_UNGUARDED_AVAILABILITY = YES_AGGRESSIVE;
				CLANG_WARN_UNREACHABLE_CODE = YES;
				CLANG_WARN__DUPLICATE_METHOD_MATCH = YES;
				COPY_PHASE_STRIP = NO;
				DEBUG_INFORMATION_FORMAT = "dwarf-with-dsym";
				ENABLE_NS_ASSERTIONS = NO;
				ENABLE_STRICT_OBJC_MSGSEND = YES;
				GCC_C_LANGUAGE_STANDARD = gnu11;
				GCC_NO_COMMON_BLOCKS = YES;
				GCC_WARN_64_TO_32_BIT_CONVERSION = YES;
				GCC_WARN_ABOUT_RETURN_TYPE = YES_ERROR;
				GCC_WARN_UNDECLARED_SELECTOR = YES;
				GCC_WARN_UNINITIALIZED_AUTOS = YES_AGGRESSIVE;
				GCC_WARN_UNUSED_FUNCTION = YES;
				GCC_WARN_UNUSED_VARIABLE = YES;
				IPHONEOS_DEPLOYMENT_TARGET = 14.4;
				MTL_ENABLE_DEBUG_INFO = NO;
				MTL_FAST_MATH = YES;
				SDKROOT = iphoneos;
				SWIFT_COMPILATION_MODE = wholemodule;
				SWIFT_OPTIMIZATION_LEVEL = "-O";
				VALIDATE_PRODUCT = YES;
			};
			name = Release;
		};
		1CFB90A2261701DB0051B77A /* Debug */ = {
			isa = XCBuildConfiguration;
			buildSettings = {
				ASSETCATALOG_COMPILER_APPICON_NAME = AppIcon;
				ASSETCATALOG_COMPILER_GLOBAL_ACCENT_COLOR_NAME = AccentColor;
				CODE_SIGN_STYLE = Automatic;
				DEVELOPMENT_ASSET_PATHS = "\"Zodiacally/Preview Content\"";
				DEVELOPMENT_TEAM = G6NTB33VYZ;
				ENABLE_PREVIEWS = YES;
				INFOPLIST_FILE = Zodiacally/Info.plist;
				IPHONEOS_DEPLOYMENT_TARGET = 14.0;
				LD_RUNPATH_SEARCH_PATHS = (
					"$(inherited)",
					"@executable_path/Frameworks",
				);
				PRODUCT_BUNDLE_IDENTIFIER = com.jakubdabrowski.Zodiacally;
				PRODUCT_NAME = "$(TARGET_NAME)";
				SWIFT_VERSION = 5.0;
				TARGETED_DEVICE_FAMILY = "1,2";
			};
			name = Debug;
		};
		1CFB90A3261701DB0051B77A /* Release */ = {
			isa = XCBuildConfiguration;
			buildSettings = {
				ASSETCATALOG_COMPILER_APPICON_NAME = AppIcon;
				ASSETCATALOG_COMPILER_GLOBAL_ACCENT_COLOR_NAME = AccentColor;
				CODE_SIGN_STYLE = Automatic;
				DEVELOPMENT_ASSET_PATHS = "\"Zodiacally/Preview Content\"";
				DEVELOPMENT_TEAM = G6NTB33VYZ;
				ENABLE_PREVIEWS = YES;
				INFOPLIST_FILE = Zodiacally/Info.plist;
				IPHONEOS_DEPLOYMENT_TARGET = 14.0;
				LD_RUNPATH_SEARCH_PATHS = (
					"$(inherited)",
					"@executable_path/Frameworks",
				);
				PRODUCT_BUNDLE_IDENTIFIER = com.jakubdabrowski.Zodiacally;
				PRODUCT_NAME = "$(TARGET_NAME)";
				SWIFT_VERSION = 5.0;
				TARGETED_DEVICE_FAMILY = "1,2";
			};
			name = Release;
		};
/* End XCBuildConfiguration section */

/* Begin XCConfigurationList section */
		1CFB9088261701DA0051B77A /* Build configuration list for PBXProject "Zodiacally" */ = {
			isa = XCConfigurationList;
			buildConfigurations = (
				1CFB909F261701DB0051B77A /* Debug */,
				1CFB90A0261701DB0051B77A /* Release */,
			);
			defaultConfigurationIsVisible = 0;
			defaultConfigurationName = Release;
		};
		1CFB90A1261701DB0051B77A /* Build configuration list for PBXNativeTarget "Zodiacally" */ = {
			isa = XCConfigurationList;
			buildConfigurations = (
				1CFB90A2261701DB0051B77A /* Debug */,
				1CFB90A3261701DB0051B77A /* Release */,
			);
			defaultConfigurationIsVisible = 0;
			defaultConfigurationName = Release;
		};
/* End XCConfigurationList section */

/* Begin XCVersionGroup section */
		1CFB909B261701DB0051B77A /* Zodiacally.xcdatamodeld */ = {
			isa = XCVersionGroup;
			children = (
				1CFB909C261701DB0051B77A /* Zodiacally.xcdatamodel */,
			);
			currentVersion = 1CFB909C261701DB0051B77A /* Zodiacally.xcdatamodel */;
			path = Zodiacally.xcdatamodeld;
			sourceTree = "<group>";
			versionGroupType = wrapper.xcdatamodel;
		};
/* End XCVersionGroup section */
	};
	rootObject = 1CFB9085261701DA0051B77A /* Project object */;
}
